// !$*UTF8*$!
{
	archiveVersion = 1;
	classes = {
	};
	objectVersion = 56;
	objects = {

/* Begin PBXBuildFile section */
		523DCD6329557A3D00D0BA72 /* RagiSwiftUIComponents.h in Headers */ = {isa = PBXBuildFile; fileRef = 523DCD6229557A3D00D0BA72 /* RagiSwiftUIComponents.h */; settings = {ATTRIBUTES = (Public, ); }; };
		523DCD7229557AB000D0BA72 /* RagiSwiftUIComponentsExampleAppApp.swift in Sources */ = {isa = PBXBuildFile; fileRef = 523DCD7129557AB000D0BA72 /* RagiSwiftUIComponentsExampleAppApp.swift */; };
		523DCD7429557AB000D0BA72 /* ContentView.swift in Sources */ = {isa = PBXBuildFile; fileRef = 523DCD7329557AB000D0BA72 /* ContentView.swift */; };
		523DCD7629557AB200D0BA72 /* Assets.xcassets in Resources */ = {isa = PBXBuildFile; fileRef = 523DCD7529557AB200D0BA72 /* Assets.xcassets */; };
		523DCD7929557AB200D0BA72 /* Preview Assets.xcassets in Resources */ = {isa = PBXBuildFile; fileRef = 523DCD7829557AB200D0BA72 /* Preview Assets.xcassets */; };
		523DCD7E29557ABF00D0BA72 /* RagiSwiftUIComponents.framework in Frameworks */ = {isa = PBXBuildFile; fileRef = 523DCD5F29557A3D00D0BA72 /* RagiSwiftUIComponents.framework */; };
		523DCD7F29557ABF00D0BA72 /* RagiSwiftUIComponents.framework in Embed Frameworks */ = {isa = PBXBuildFile; fileRef = 523DCD5F29557A3D00D0BA72 /* RagiSwiftUIComponents.framework */; settings = {ATTRIBUTES = (CodeSignOnCopy, RemoveHeadersOnCopy, ); }; };
		523DCD8A2955CC3700D0BA72 /* Card.swift in Sources */ = {isa = PBXBuildFile; fileRef = 523DCD892955CC3700D0BA72 /* Card.swift */; };
		523DCD8C2955D10200D0BA72 /* CardMedia.swift in Sources */ = {isa = PBXBuildFile; fileRef = 523DCD8B2955D10200D0BA72 /* CardMedia.swift */; };
		523DCD8E2955D11700D0BA72 /* CardHeader.swift in Sources */ = {isa = PBXBuildFile; fileRef = 523DCD8D2955D11700D0BA72 /* CardHeader.swift */; };
		523DCD902955D12900D0BA72 /* CardContent.swift in Sources */ = {isa = PBXBuildFile; fileRef = 523DCD8F2955D12900D0BA72 /* CardContent.swift */; };
		523DCD922955D13B00D0BA72 /* CardActions.swift in Sources */ = {isa = PBXBuildFile; fileRef = 523DCD912955D13B00D0BA72 /* CardActions.swift */; };
		524557B329574BAE00CF6EFB /* CardHeader+Initializers.swift in Sources */ = {isa = PBXBuildFile; fileRef = 524557B229574BAE00CF6EFB /* CardHeader+Initializers.swift */; };
		524557B529589C0300CF6EFB /* Card+Initializers.swift in Sources */ = {isa = PBXBuildFile; fileRef = 524557B429589C0300CF6EFB /* Card+Initializers.swift */; };
		524557B82959521A00CF6EFB /* CardStyle.swift in Sources */ = {isa = PBXBuildFile; fileRef = 524557B72959521A00CF6EFB /* CardStyle.swift */; };
		524557BA2959DC5000CF6EFB /* CardConstants.swift in Sources */ = {isa = PBXBuildFile; fileRef = 524557B92959DC5000CF6EFB /* CardConstants.swift */; };
		5249E62B295ABDC9006ECDE0 /* CardElevatedStyle.swift in Sources */ = {isa = PBXBuildFile; fileRef = 5249E62A295ABDC9006ECDE0 /* CardElevatedStyle.swift */; };
		5249E62E295AC1B0006ECDE0 /* Shadow.swift in Sources */ = {isa = PBXBuildFile; fileRef = 5249E62D295AC1B0006ECDE0 /* Shadow.swift */; };
		5249E630295B2015006ECDE0 /* CardDebugView.swift in Sources */ = {isa = PBXBuildFile; fileRef = 5249E62F295B2015006ECDE0 /* CardDebugView.swift */; };
		5249E632295C0965006ECDE0 /* Glass.swift in Sources */ = {isa = PBXBuildFile; fileRef = 5249E631295C0965006ECDE0 /* Glass.swift */; };
		5249E636295C643C006ECDE0 /* Slider.swift in Sources */ = {isa = PBXBuildFile; fileRef = 5249E635295C643C006ECDE0 /* Slider.swift */; };
		5249E638295D5CE9006ECDE0 /* SliderHandle.swift in Sources */ = {isa = PBXBuildFile; fileRef = 5249E637295D5CE9006ECDE0 /* SliderHandle.swift */; };
		5249E63A295D5DD2006ECDE0 /* SliderTrack.swift in Sources */ = {isa = PBXBuildFile; fileRef = 5249E639295D5DD2006ECDE0 /* SliderTrack.swift */; };
		5249E63C295D6011006ECDE0 /* SliderStyle.swift in Sources */ = {isa = PBXBuildFile; fileRef = 5249E63B295D6011006ECDE0 /* SliderStyle.swift */; };
		5249E63E295F0637006ECDE0 /* SliderLabel.swift in Sources */ = {isa = PBXBuildFile; fileRef = 5249E63D295F0637006ECDE0 /* SliderLabel.swift */; };
		52857DAB295AB1D100E538D8 /* CardOutlinedStyle.swift in Sources */ = {isa = PBXBuildFile; fileRef = 52857DAA295AB1D100E538D8 /* CardOutlinedStyle.swift */; };
		52857DAD295AB1E800E538D8 /* CardFilledStyle.swift in Sources */ = {isa = PBXBuildFile; fileRef = 52857DAC295AB1E800E538D8 /* CardFilledStyle.swift */; };
		52857DAF295ABC8000E538D8 /* Elevation.swift in Sources */ = {isa = PBXBuildFile; fileRef = 52857DAE295ABC8000E538D8 /* Elevation.swift */; };
		52C6BF9C2962F6B4009F92DC /* Expander.swift in Sources */ = {isa = PBXBuildFile; fileRef = 52C6BF9B2962F6B4009F92DC /* Expander.swift */; };
		52C6BF9E2962F6F0009F92DC /* ExpanderHeader.swift in Sources */ = {isa = PBXBuildFile; fileRef = 52C6BF9D2962F6F0009F92DC /* ExpanderHeader.swift */; };
		52C6BFA02962FFAF009F92DC /* ExpanderStyle.swift in Sources */ = {isa = PBXBuildFile; fileRef = 52C6BF9F2962FFAF009F92DC /* ExpanderStyle.swift */; };
		52C6BFA329630B85009F92DC /* ExpanderOutlinedStyle.swift in Sources */ = {isa = PBXBuildFile; fileRef = 52C6BFA229630B85009F92DC /* ExpanderOutlinedStyle.swift */; };
		52C6BFA629631B93009F92DC /* InternalVideoPlayer.swift in Sources */ = {isa = PBXBuildFile; fileRef = 52C6BFA529631B93009F92DC /* InternalVideoPlayer.swift */; };
		52C6BFA82963243A009F92DC /* VideoSurfaceView.swift in Sources */ = {isa = PBXBuildFile; fileRef = 52C6BFA72963243A009F92DC /* VideoSurfaceView.swift */; };
		52C6BFAA296325AD009F92DC /* VideoPlayer.swift in Sources */ = {isa = PBXBuildFile; fileRef = 52C6BFA9296325AD009F92DC /* VideoPlayer.swift */; };
		52C6BFAC296447E6009F92DC /* VideoPlayerDebugView.swift in Sources */ = {isa = PBXBuildFile; fileRef = 52C6BFAB296447E6009F92DC /* VideoPlayerDebugView.swift */; };
		52CE190B296089F7008FB630 /* VideoPlayerSlider.swift in Sources */ = {isa = PBXBuildFile; fileRef = 52CE190A296089F7008FB630 /* VideoPlayerSlider.swift */; };
/* End PBXBuildFile section */

/* Begin PBXContainerItemProxy section */
		523DCD8029557ABF00D0BA72 /* PBXContainerItemProxy */ = {
			isa = PBXContainerItemProxy;
			containerPortal = 523DCD5629557A3D00D0BA72 /* Project object */;
			proxyType = 1;
			remoteGlobalIDString = 523DCD5E29557A3D00D0BA72;
			remoteInfo = RagiSwiftUIComponents;
		};
/* End PBXContainerItemProxy section */

/* Begin PBXCopyFilesBuildPhase section */
		523DCD8229557ABF00D0BA72 /* Embed Frameworks */ = {
			isa = PBXCopyFilesBuildPhase;
			buildActionMask = 2147483647;
			dstPath = "";
			dstSubfolderSpec = 10;
			files = (
				523DCD7F29557ABF00D0BA72 /* RagiSwiftUIComponents.framework in Embed Frameworks */,
			);
			name = "Embed Frameworks";
			runOnlyForDeploymentPostprocessing = 0;
		};
/* End PBXCopyFilesBuildPhase section */

/* Begin PBXFileReference section */
		523DCD5F29557A3D00D0BA72 /* RagiSwiftUIComponents.framework */ = {isa = PBXFileReference; explicitFileType = wrapper.framework; includeInIndex = 0; path = RagiSwiftUIComponents.framework; sourceTree = BUILT_PRODUCTS_DIR; };
		523DCD6229557A3D00D0BA72 /* RagiSwiftUIComponents.h */ = {isa = PBXFileReference; lastKnownFileType = sourcecode.c.h; path = RagiSwiftUIComponents.h; sourceTree = "<group>"; };
		523DCD6A29557A7700D0BA72 /* RagiSwiftUIComponents */ = {isa = PBXFileReference; lastKnownFileType = wrapper; name = RagiSwiftUIComponents; path = ..; sourceTree = "<group>"; };
		523DCD6F29557AB000D0BA72 /* RagiSwiftUIComponentsExampleApp.app */ = {isa = PBXFileReference; explicitFileType = wrapper.application; includeInIndex = 0; path = RagiSwiftUIComponentsExampleApp.app; sourceTree = BUILT_PRODUCTS_DIR; };
		523DCD7129557AB000D0BA72 /* RagiSwiftUIComponentsExampleAppApp.swift */ = {isa = PBXFileReference; lastKnownFileType = sourcecode.swift; path = RagiSwiftUIComponentsExampleAppApp.swift; sourceTree = "<group>"; };
		523DCD7329557AB000D0BA72 /* ContentView.swift */ = {isa = PBXFileReference; lastKnownFileType = sourcecode.swift; path = ContentView.swift; sourceTree = "<group>"; };
		523DCD7529557AB200D0BA72 /* Assets.xcassets */ = {isa = PBXFileReference; lastKnownFileType = folder.assetcatalog; path = Assets.xcassets; sourceTree = "<group>"; };
		523DCD7829557AB200D0BA72 /* Preview Assets.xcassets */ = {isa = PBXFileReference; lastKnownFileType = folder.assetcatalog; path = "Preview Assets.xcassets"; sourceTree = "<group>"; };
		523DCD892955CC3700D0BA72 /* Card.swift */ = {isa = PBXFileReference; lastKnownFileType = sourcecode.swift; path = Card.swift; sourceTree = "<group>"; };
		523DCD8B2955D10200D0BA72 /* CardMedia.swift */ = {isa = PBXFileReference; lastKnownFileType = sourcecode.swift; path = CardMedia.swift; sourceTree = "<group>"; };
		523DCD8D2955D11700D0BA72 /* CardHeader.swift */ = {isa = PBXFileReference; lastKnownFileType = sourcecode.swift; path = CardHeader.swift; sourceTree = "<group>"; };
		523DCD8F2955D12900D0BA72 /* CardContent.swift */ = {isa = PBXFileReference; lastKnownFileType = sourcecode.swift; path = CardContent.swift; sourceTree = "<group>"; };
		523DCD912955D13B00D0BA72 /* CardActions.swift */ = {isa = PBXFileReference; lastKnownFileType = sourcecode.swift; path = CardActions.swift; sourceTree = "<group>"; };
		524557B229574BAE00CF6EFB /* CardHeader+Initializers.swift */ = {isa = PBXFileReference; lastKnownFileType = sourcecode.swift; path = "CardHeader+Initializers.swift"; sourceTree = "<group>"; };
		524557B429589C0300CF6EFB /* Card+Initializers.swift */ = {isa = PBXFileReference; lastKnownFileType = sourcecode.swift; path = "Card+Initializers.swift"; sourceTree = "<group>"; };
		524557B72959521A00CF6EFB /* CardStyle.swift */ = {isa = PBXFileReference; lastKnownFileType = sourcecode.swift; path = CardStyle.swift; sourceTree = "<group>"; };
		524557B92959DC5000CF6EFB /* CardConstants.swift */ = {isa = PBXFileReference; lastKnownFileType = sourcecode.swift; path = CardConstants.swift; sourceTree = "<group>"; };
		5249E62A295ABDC9006ECDE0 /* CardElevatedStyle.swift */ = {isa = PBXFileReference; lastKnownFileType = sourcecode.swift; path = CardElevatedStyle.swift; sourceTree = "<group>"; };
		5249E62D295AC1B0006ECDE0 /* Shadow.swift */ = {isa = PBXFileReference; lastKnownFileType = sourcecode.swift; path = Shadow.swift; sourceTree = "<group>"; };
		5249E62F295B2015006ECDE0 /* CardDebugView.swift */ = {isa = PBXFileReference; lastKnownFileType = sourcecode.swift; path = CardDebugView.swift; sourceTree = "<group>"; };
		5249E631295C0965006ECDE0 /* Glass.swift */ = {isa = PBXFileReference; lastKnownFileType = sourcecode.swift; path = Glass.swift; sourceTree = "<group>"; };
		5249E635295C643C006ECDE0 /* Slider.swift */ = {isa = PBXFileReference; lastKnownFileType = sourcecode.swift; path = Slider.swift; sourceTree = "<group>"; };
		5249E637295D5CE9006ECDE0 /* SliderHandle.swift */ = {isa = PBXFileReference; lastKnownFileType = sourcecode.swift; path = SliderHandle.swift; sourceTree = "<group>"; };
		5249E639295D5DD2006ECDE0 /* SliderTrack.swift */ = {isa = PBXFileReference; lastKnownFileType = sourcecode.swift; path = SliderTrack.swift; sourceTree = "<group>"; };
		5249E63B295D6011006ECDE0 /* SliderStyle.swift */ = {isa = PBXFileReference; lastKnownFileType = sourcecode.swift; path = SliderStyle.swift; sourceTree = "<group>"; };
		5249E63D295F0637006ECDE0 /* SliderLabel.swift */ = {isa = PBXFileReference; lastKnownFileType = sourcecode.swift; path = SliderLabel.swift; sourceTree = "<group>"; };
		52857DAA295AB1D100E538D8 /* CardOutlinedStyle.swift */ = {isa = PBXFileReference; lastKnownFileType = sourcecode.swift; path = CardOutlinedStyle.swift; sourceTree = "<group>"; };
		52857DAC295AB1E800E538D8 /* CardFilledStyle.swift */ = {isa = PBXFileReference; lastKnownFileType = sourcecode.swift; path = CardFilledStyle.swift; sourceTree = "<group>"; };
		52857DAE295ABC8000E538D8 /* Elevation.swift */ = {isa = PBXFileReference; lastKnownFileType = sourcecode.swift; path = Elevation.swift; sourceTree = "<group>"; };
		52C6BF9B2962F6B4009F92DC /* Expander.swift */ = {isa = PBXFileReference; lastKnownFileType = sourcecode.swift; path = Expander.swift; sourceTree = "<group>"; };
		52C6BF9D2962F6F0009F92DC /* ExpanderHeader.swift */ = {isa = PBXFileReference; lastKnownFileType = sourcecode.swift; path = ExpanderHeader.swift; sourceTree = "<group>"; };
		52C6BF9F2962FFAF009F92DC /* ExpanderStyle.swift */ = {isa = PBXFileReference; lastKnownFileType = sourcecode.swift; path = ExpanderStyle.swift; sourceTree = "<group>"; };
		52C6BFA229630B85009F92DC /* ExpanderOutlinedStyle.swift */ = {isa = PBXFileReference; lastKnownFileType = sourcecode.swift; path = ExpanderOutlinedStyle.swift; sourceTree = "<group>"; };
		52C6BFA529631B93009F92DC /* InternalVideoPlayer.swift */ = {isa = PBXFileReference; lastKnownFileType = sourcecode.swift; path = InternalVideoPlayer.swift; sourceTree = "<group>"; };
		52C6BFA72963243A009F92DC /* VideoSurfaceView.swift */ = {isa = PBXFileReference; lastKnownFileType = sourcecode.swift; path = VideoSurfaceView.swift; sourceTree = "<group>"; };
		52C6BFA9296325AD009F92DC /* VideoPlayer.swift */ = {isa = PBXFileReference; lastKnownFileType = sourcecode.swift; path = VideoPlayer.swift; sourceTree = "<group>"; };
		52C6BFAB296447E6009F92DC /* VideoPlayerDebugView.swift */ = {isa = PBXFileReference; lastKnownFileType = sourcecode.swift; path = VideoPlayerDebugView.swift; sourceTree = "<group>"; };
		52CE190A296089F7008FB630 /* VideoPlayerSlider.swift */ = {isa = PBXFileReference; lastKnownFileType = sourcecode.swift; path = VideoPlayerSlider.swift; sourceTree = "<group>"; };
/* End PBXFileReference section */

/* Begin PBXFrameworksBuildPhase section */
		523DCD5C29557A3D00D0BA72 /* Frameworks */ = {
			isa = PBXFrameworksBuildPhase;
			buildActionMask = 2147483647;
			files = (
			);
			runOnlyForDeploymentPostprocessing = 0;
		};
		523DCD6C29557AB000D0BA72 /* Frameworks */ = {
			isa = PBXFrameworksBuildPhase;
			buildActionMask = 2147483647;
			files = (
				523DCD7E29557ABF00D0BA72 /* RagiSwiftUIComponents.framework in Frameworks */,
			);
			runOnlyForDeploymentPostprocessing = 0;
		};
/* End PBXFrameworksBuildPhase section */

/* Begin PBXGroup section */
		523DCD5529557A3D00D0BA72 = {
			isa = PBXGroup;
			children = (
				523DCD6929557A7700D0BA72 /* Packages */,
				523DCD6129557A3D00D0BA72 /* RagiSwiftUIComponents */,
				523DCD7029557AB000D0BA72 /* RagiSwiftUIComponentsExampleApp */,
				523DCD6029557A3D00D0BA72 /* Products */,
				523DCD7D29557ABF00D0BA72 /* Frameworks */,
			);
			sourceTree = "<group>";
		};
		523DCD6029557A3D00D0BA72 /* Products */ = {
			isa = PBXGroup;
			children = (
				523DCD5F29557A3D00D0BA72 /* RagiSwiftUIComponents.framework */,
				523DCD6F29557AB000D0BA72 /* RagiSwiftUIComponentsExampleApp.app */,
			);
			name = Products;
			sourceTree = "<group>";
		};
		523DCD6129557A3D00D0BA72 /* RagiSwiftUIComponents */ = {
			isa = PBXGroup;
			children = (
				523DCD862955CAAE00D0BA72 /* Components */,
				5249E62C295AC17D006ECDE0 /* Effects */,
				52857DA8295AA54800E538D8 /* Styles */,
				523DCD6229557A3D00D0BA72 /* RagiSwiftUIComponents.h */,
			);
			path = RagiSwiftUIComponents;
			sourceTree = "<group>";
		};
		523DCD6929557A7700D0BA72 /* Packages */ = {
			isa = PBXGroup;
			children = (
				523DCD6A29557A7700D0BA72 /* RagiSwiftUIComponents */,
			);
			name = Packages;
			sourceTree = "<group>";
		};
		523DCD7029557AB000D0BA72 /* RagiSwiftUIComponentsExampleApp */ = {
			isa = PBXGroup;
			children = (
				5249E633295C0FD9006ECDE0 /* Views */,
				523DCD7129557AB000D0BA72 /* RagiSwiftUIComponentsExampleAppApp.swift */,
				523DCD7529557AB200D0BA72 /* Assets.xcassets */,
				523DCD7729557AB200D0BA72 /* Preview Content */,
			);
			path = RagiSwiftUIComponentsExampleApp;
			sourceTree = "<group>";
		};
		523DCD7729557AB200D0BA72 /* Preview Content */ = {
			isa = PBXGroup;
			children = (
				523DCD7829557AB200D0BA72 /* Preview Assets.xcassets */,
			);
			path = "Preview Content";
			sourceTree = "<group>";
		};
		523DCD7D29557ABF00D0BA72 /* Frameworks */ = {
			isa = PBXGroup;
			children = (
			);
			name = Frameworks;
			sourceTree = "<group>";
		};
		523DCD862955CAAE00D0BA72 /* Components */ = {
			isa = PBXGroup;
			children = (
				52C6BF9A2962F6A3009F92DC /* Expander */,
				523DCD882955CAC800D0BA72 /* Card */,
				5249E634295C641C006ECDE0 /* Slider */,
				5249E63F296089A2006ECDE0 /* VideoPlayer */,
			);
			path = Components;
			sourceTree = "<group>";
		};
		523DCD882955CAC800D0BA72 /* Card */ = {
			isa = PBXGroup;
			children = (
				524557B62959520D00CF6EFB /* Styles */,
				523DCD932955DD7E00D0BA72 /* Views */,
				524557B92959DC5000CF6EFB /* CardConstants.swift */,
			);
			path = Card;
			sourceTree = "<group>";
		};
		523DCD932955DD7E00D0BA72 /* Views */ = {
			isa = PBXGroup;
			children = (
				523DCD892955CC3700D0BA72 /* Card.swift */,
				524557B429589C0300CF6EFB /* Card+Initializers.swift */,
				523DCD912955D13B00D0BA72 /* CardActions.swift */,
				523DCD8F2955D12900D0BA72 /* CardContent.swift */,
				523DCD8D2955D11700D0BA72 /* CardHeader.swift */,
				524557B229574BAE00CF6EFB /* CardHeader+Initializers.swift */,
				523DCD8B2955D10200D0BA72 /* CardMedia.swift */,
			);
			path = Views;
			sourceTree = "<group>";
		};
		524557B62959520D00CF6EFB /* Styles */ = {
			isa = PBXGroup;
			children = (
				524557B72959521A00CF6EFB /* CardStyle.swift */,
			);
			path = Styles;
			sourceTree = "<group>";
		};
		5249E62C295AC17D006ECDE0 /* Effects */ = {
			isa = PBXGroup;
			children = (
				5249E62D295AC1B0006ECDE0 /* Shadow.swift */,
				5249E631295C0965006ECDE0 /* Glass.swift */,
			);
			path = Effects;
			sourceTree = "<group>";
		};
		5249E633295C0FD9006ECDE0 /* Views */ = {
			isa = PBXGroup;
			children = (
				5249E62F295B2015006ECDE0 /* CardDebugView.swift */,
				523DCD7329557AB000D0BA72 /* ContentView.swift */,
				52C6BFAB296447E6009F92DC /* VideoPlayerDebugView.swift */,
			);
			path = Views;
			sourceTree = "<group>";
		};
		5249E634295C641C006ECDE0 /* Slider */ = {
			isa = PBXGroup;
			children = (
				5249E635295C643C006ECDE0 /* Slider.swift */,
				5249E637295D5CE9006ECDE0 /* SliderHandle.swift */,
				5249E639295D5DD2006ECDE0 /* SliderTrack.swift */,
				5249E63B295D6011006ECDE0 /* SliderStyle.swift */,
				5249E63D295F0637006ECDE0 /* SliderLabel.swift */,
			);
			path = Slider;
			sourceTree = "<group>";
		};
		5249E63F296089A2006ECDE0 /* VideoPlayer */ = {
			isa = PBXGroup;
			children = (
				52C6BFA429631B4C009F92DC /* Core */,
				5249E640296089D6006ECDE0 /* Slider */,
				52C6BFA9296325AD009F92DC /* VideoPlayer.swift */,
			);
			path = VideoPlayer;
			sourceTree = "<group>";
		};
		5249E640296089D6006ECDE0 /* Slider */ = {
			isa = PBXGroup;
			children = (
				52CE190A296089F7008FB630 /* VideoPlayerSlider.swift */,
			);
			path = Slider;
			sourceTree = "<group>";
		};
		52857DA8295AA54800E538D8 /* Styles */ = {
			isa = PBXGroup;
			children = (
				52C6BFA129630B76009F92DC /* Expander */,
				52857DA9295AA55400E538D8 /* Card */,
				52857DAE295ABC8000E538D8 /* Elevation.swift */,
			);
			path = Styles;
			sourceTree = "<group>";
		};
		52857DA9295AA55400E538D8 /* Card */ = {
			isa = PBXGroup;
			children = (
				52857DAA295AB1D100E538D8 /* CardOutlinedStyle.swift */,
				52857DAC295AB1E800E538D8 /* CardFilledStyle.swift */,
				5249E62A295ABDC9006ECDE0 /* CardElevatedStyle.swift */,
			);
			path = Card;
			sourceTree = "<group>";
		};
		52C6BF9A2962F6A3009F92DC /* Expander */ = {
			isa = PBXGroup;
			children = (
				52C6BF9B2962F6B4009F92DC /* Expander.swift */,
				52C6BF9D2962F6F0009F92DC /* ExpanderHeader.swift */,
				52C6BF9F2962FFAF009F92DC /* ExpanderStyle.swift */,
			);
			path = Expander;
			sourceTree = "<group>";
		};
		52C6BFA129630B76009F92DC /* Expander */ = {
			isa = PBXGroup;
			children = (
				52C6BFA229630B85009F92DC /* ExpanderOutlinedStyle.swift */,
			);
			path = Expander;
			sourceTree = "<group>";
		};
		52C6BFA429631B4C009F92DC /* Core */ = {
			isa = PBXGroup;
			children = (
				52C6BFA529631B93009F92DC /* InternalVideoPlayer.swift */,
				52C6BFA72963243A009F92DC /* VideoSurfaceView.swift */,
			);
			path = Core;
			sourceTree = "<group>";
		};
/* End PBXGroup section */

/* Begin PBXHeadersBuildPhase section */
		523DCD5A29557A3D00D0BA72 /* Headers */ = {
			isa = PBXHeadersBuildPhase;
			buildActionMask = 2147483647;
			files = (
				523DCD6329557A3D00D0BA72 /* RagiSwiftUIComponents.h in Headers */,
			);
			runOnlyForDeploymentPostprocessing = 0;
		};
/* End PBXHeadersBuildPhase section */

/* Begin PBXNativeTarget section */
		523DCD5E29557A3D00D0BA72 /* RagiSwiftUIComponents */ = {
			isa = PBXNativeTarget;
			buildConfigurationList = 523DCD6629557A3D00D0BA72 /* Build configuration list for PBXNativeTarget "RagiSwiftUIComponents" */;
			buildPhases = (
				523DCD5A29557A3D00D0BA72 /* Headers */,
				523DCD5B29557A3D00D0BA72 /* Sources */,
				523DCD5C29557A3D00D0BA72 /* Frameworks */,
				523DCD5D29557A3D00D0BA72 /* Resources */,
			);
			buildRules = (
			);
			dependencies = (
			);
			name = RagiSwiftUIComponents;
			productName = RagiSwiftUIComponents;
			productReference = 523DCD5F29557A3D00D0BA72 /* RagiSwiftUIComponents.framework */;
			productType = "com.apple.product-type.framework";
		};
		523DCD6E29557AB000D0BA72 /* RagiSwiftUIComponentsExampleApp */ = {
			isa = PBXNativeTarget;
			buildConfigurationList = 523DCD7A29557AB200D0BA72 /* Build configuration list for PBXNativeTarget "RagiSwiftUIComponentsExampleApp" */;
			buildPhases = (
				523DCD6B29557AB000D0BA72 /* Sources */,
				523DCD6C29557AB000D0BA72 /* Frameworks */,
				523DCD6D29557AB000D0BA72 /* Resources */,
				523DCD8229557ABF00D0BA72 /* Embed Frameworks */,
			);
			buildRules = (
			);
			dependencies = (
				523DCD8129557ABF00D0BA72 /* PBXTargetDependency */,
			);
			name = RagiSwiftUIComponentsExampleApp;
			productName = RagiSwiftUIComponentsExampleApp;
			productReference = 523DCD6F29557AB000D0BA72 /* RagiSwiftUIComponentsExampleApp.app */;
			productType = "com.apple.product-type.application";
		};
/* End PBXNativeTarget section */

/* Begin PBXProject section */
		523DCD5629557A3D00D0BA72 /* Project object */ = {
			isa = PBXProject;
			attributes = {
				BuildIndependentTargetsInParallel = 1;
				LastSwiftUpdateCheck = 1420;
				LastUpgradeCheck = 1420;
				TargetAttributes = {
					523DCD5E29557A3D00D0BA72 = {
						CreatedOnToolsVersion = 14.2;
						LastSwiftMigration = 1420;
					};
					523DCD6E29557AB000D0BA72 = {
						CreatedOnToolsVersion = 14.2;
					};
				};
			};
			buildConfigurationList = 523DCD5929557A3D00D0BA72 /* Build configuration list for PBXProject "RagiSwiftUIComponents" */;
			compatibilityVersion = "Xcode 14.0";
			developmentRegion = en;
			hasScannedForEncodings = 0;
			knownRegions = (
				en,
				Base,
			);
			mainGroup = 523DCD5529557A3D00D0BA72;
			productRefGroup = 523DCD6029557A3D00D0BA72 /* Products */;
			projectDirPath = "";
			projectRoot = "";
			targets = (
				523DCD5E29557A3D00D0BA72 /* RagiSwiftUIComponents */,
				523DCD6E29557AB000D0BA72 /* RagiSwiftUIComponentsExampleApp */,
			);
		};
/* End PBXProject section */

/* Begin PBXResourcesBuildPhase section */
		523DCD5D29557A3D00D0BA72 /* Resources */ = {
			isa = PBXResourcesBuildPhase;
			buildActionMask = 2147483647;
			files = (
			);
			runOnlyForDeploymentPostprocessing = 0;
		};
		523DCD6D29557AB000D0BA72 /* Resources */ = {
			isa = PBXResourcesBuildPhase;
			buildActionMask = 2147483647;
			files = (
				523DCD7929557AB200D0BA72 /* Preview Assets.xcassets in Resources */,
				523DCD7629557AB200D0BA72 /* Assets.xcassets in Resources */,
			);
			runOnlyForDeploymentPostprocessing = 0;
		};
/* End PBXResourcesBuildPhase section */

/* Begin PBXSourcesBuildPhase section */
		523DCD5B29557A3D00D0BA72 /* Sources */ = {
			isa = PBXSourcesBuildPhase;
			buildActionMask = 2147483647;
			files = (
				52C6BFAA296325AD009F92DC /* VideoPlayer.swift in Sources */,
				523DCD8C2955D10200D0BA72 /* CardMedia.swift in Sources */,
				523DCD922955D13B00D0BA72 /* CardActions.swift in Sources */,
				52857DAD295AB1E800E538D8 /* CardFilledStyle.swift in Sources */,
				52CE190B296089F7008FB630 /* VideoPlayerSlider.swift in Sources */,
				523DCD902955D12900D0BA72 /* CardContent.swift in Sources */,
				52C6BFA629631B93009F92DC /* InternalVideoPlayer.swift in Sources */,
				52C6BF9E2962F6F0009F92DC /* ExpanderHeader.swift in Sources */,
				5249E63A295D5DD2006ECDE0 /* SliderTrack.swift in Sources */,
				5249E63C295D6011006ECDE0 /* SliderStyle.swift in Sources */,
				524557B529589C0300CF6EFB /* Card+Initializers.swift in Sources */,
				5249E62E295AC1B0006ECDE0 /* Shadow.swift in Sources */,
				52C6BFA82963243A009F92DC /* VideoSurfaceView.swift in Sources */,
				523DCD8A2955CC3700D0BA72 /* Card.swift in Sources */,
				52C6BF9C2962F6B4009F92DC /* Expander.swift in Sources */,
				524557B82959521A00CF6EFB /* CardStyle.swift in Sources */,
				5249E632295C0965006ECDE0 /* Glass.swift in Sources */,
				52C6BFA02962FFAF009F92DC /* ExpanderStyle.swift in Sources */,
				5249E63E295F0637006ECDE0 /* SliderLabel.swift in Sources */,
				523DCD8E2955D11700D0BA72 /* CardHeader.swift in Sources */,
				5249E636295C643C006ECDE0 /* Slider.swift in Sources */,
				52857DAB295AB1D100E538D8 /* CardOutlinedStyle.swift in Sources */,
				5249E638295D5CE9006ECDE0 /* SliderHandle.swift in Sources */,
				52857DAF295ABC8000E538D8 /* Elevation.swift in Sources */,
				52C6BFA329630B85009F92DC /* ExpanderOutlinedStyle.swift in Sources */,
				524557BA2959DC5000CF6EFB /* CardConstants.swift in Sources */,
				5249E62B295ABDC9006ECDE0 /* CardElevatedStyle.swift in Sources */,
				524557B329574BAE00CF6EFB /* CardHeader+Initializers.swift in Sources */,
			);
			runOnlyForDeploymentPostprocessing = 0;
		};
		523DCD6B29557AB000D0BA72 /* Sources */ = {
			isa = PBXSourcesBuildPhase;
			buildActionMask = 2147483647;
			files = (
				5249E630295B2015006ECDE0 /* CardDebugView.swift in Sources */,
				523DCD7429557AB000D0BA72 /* ContentView.swift in Sources */,
				523DCD7229557AB000D0BA72 /* RagiSwiftUIComponentsExampleAppApp.swift in Sources */,
				52C6BFAC296447E6009F92DC /* VideoPlayerDebugView.swift in Sources */,
			);
			runOnlyForDeploymentPostprocessing = 0;
		};
/* End PBXSourcesBuildPhase section */

/* Begin PBXTargetDependency section */
		523DCD8129557ABF00D0BA72 /* PBXTargetDependency */ = {
			isa = PBXTargetDependency;
			target = 523DCD5E29557A3D00D0BA72 /* RagiSwiftUIComponents */;
			targetProxy = 523DCD8029557ABF00D0BA72 /* PBXContainerItemProxy */;
		};
/* End PBXTargetDependency section */

/* Begin XCBuildConfiguration section */
		523DCD6429557A3D00D0BA72 /* Debug */ = {
			isa = XCBuildConfiguration;
			buildSettings = {
				ALWAYS_SEARCH_USER_PATHS = NO;
				CLANG_ANALYZER_NONNULL = YES;
				CLANG_ANALYZER_NUMBER_OBJECT_CONVERSION = YES_AGGRESSIVE;
				CLANG_CXX_LANGUAGE_STANDARD = "gnu++20";
				CLANG_ENABLE_MODULES = YES;
				CLANG_ENABLE_OBJC_ARC = YES;
				CLANG_ENABLE_OBJC_WEAK = YES;
				CLANG_WARN_BLOCK_CAPTURE_AUTORELEASING = YES;
				CLANG_WARN_BOOL_CONVERSION = YES;
				CLANG_WARN_COMMA = YES;
				CLANG_WARN_CONSTANT_CONVERSION = YES;
				CLANG_WARN_DEPRECATED_OBJC_IMPLEMENTATIONS = YES;
				CLANG_WARN_DIRECT_OBJC_ISA_USAGE = YES_ERROR;
				CLANG_WARN_DOCUMENTATION_COMMENTS = YES;
				CLANG_WARN_EMPTY_BODY = YES;
				CLANG_WARN_ENUM_CONVERSION = YES;
				CLANG_WARN_INFINITE_RECURSION = YES;
				CLANG_WARN_INT_CONVERSION = YES;
				CLANG_WARN_NON_LITERAL_NULL_CONVERSION = YES;
				CLANG_WARN_OBJC_IMPLICIT_RETAIN_SELF = YES;
				CLANG_WARN_OBJC_LITERAL_CONVERSION = YES;
				CLANG_WARN_OBJC_ROOT_CLASS = YES_ERROR;
				CLANG_WARN_QUOTED_INCLUDE_IN_FRAMEWORK_HEADER = YES;
				CLANG_WARN_RANGE_LOOP_ANALYSIS = YES;
				CLANG_WARN_STRICT_PROTOTYPES = YES;
				CLANG_WARN_SUSPICIOUS_MOVE = YES;
				CLANG_WARN_UNGUARDED_AVAILABILITY = YES_AGGRESSIVE;
				CLANG_WARN_UNREACHABLE_CODE = YES;
				CLANG_WARN__DUPLICATE_METHOD_MATCH = YES;
				COPY_PHASE_STRIP = NO;
				CURRENT_PROJECT_VERSION = 1;
				DEBUG_INFORMATION_FORMAT = dwarf;
				ENABLE_STRICT_OBJC_MSGSEND = YES;
				ENABLE_TESTABILITY = YES;
				GCC_C_LANGUAGE_STANDARD = gnu11;
				GCC_DYNAMIC_NO_PIC = NO;
				GCC_NO_COMMON_BLOCKS = YES;
				GCC_OPTIMIZATION_LEVEL = 0;
				GCC_PREPROCESSOR_DEFINITIONS = (
					"DEBUG=1",
					"$(inherited)",
				);
				GCC_WARN_64_TO_32_BIT_CONVERSION = YES;
				GCC_WARN_ABOUT_RETURN_TYPE = YES_ERROR;
				GCC_WARN_UNDECLARED_SELECTOR = YES;
				GCC_WARN_UNINITIALIZED_AUTOS = YES_AGGRESSIVE;
				GCC_WARN_UNUSED_FUNCTION = YES;
				GCC_WARN_UNUSED_VARIABLE = YES;
				IPHONEOS_DEPLOYMENT_TARGET = 15.0;
				MTL_ENABLE_DEBUG_INFO = INCLUDE_SOURCE;
				MTL_FAST_MATH = YES;
				ONLY_ACTIVE_ARCH = YES;
				SDKROOT = iphoneos;
				SWIFT_ACTIVE_COMPILATION_CONDITIONS = DEBUG;
				SWIFT_OPTIMIZATION_LEVEL = "-Onone";
				VERSIONING_SYSTEM = "apple-generic";
				VERSION_INFO_PREFIX = "";
			};
			name = Debug;
		};
		523DCD6529557A3D00D0BA72 /* Release */ = {
			isa = XCBuildConfiguration;
			buildSettings = {
				ALWAYS_SEARCH_USER_PATHS = NO;
				CLANG_ANALYZER_NONNULL = YES;
				CLANG_ANALYZER_NUMBER_OBJECT_CONVERSION = YES_AGGRESSIVE;
				CLANG_CXX_LANGUAGE_STANDARD = "gnu++20";
				CLANG_ENABLE_MODULES = YES;
				CLANG_ENABLE_OBJC_ARC = YES;
				CLANG_ENABLE_OBJC_WEAK = YES;
				CLANG_WARN_BLOCK_CAPTURE_AUTORELEASING = YES;
				CLANG_WARN_BOOL_CONVERSION = YES;
				CLANG_WARN_COMMA = YES;
				CLANG_WARN_CONSTANT_CONVERSION = YES;
				CLANG_WARN_DEPRECATED_OBJC_IMPLEMENTATIONS = YES;
				CLANG_WARN_DIRECT_OBJC_ISA_USAGE = YES_ERROR;
				CLANG_WARN_DOCUMENTATION_COMMENTS = YES;
				CLANG_WARN_EMPTY_BODY = YES;
				CLANG_WARN_ENUM_CONVERSION = YES;
				CLANG_WARN_INFINITE_RECURSION = YES;
				CLANG_WARN_INT_CONVERSION = YES;
				CLANG_WARN_NON_LITERAL_NULL_CONVERSION = YES;
				CLANG_WARN_OBJC_IMPLICIT_RETAIN_SELF = YES;
				CLANG_WARN_OBJC_LITERAL_CONVERSION = YES;
				CLANG_WARN_OBJC_ROOT_CLASS = YES_ERROR;
				CLANG_WARN_QUOTED_INCLUDE_IN_FRAMEWORK_HEADER = YES;
				CLANG_WARN_RANGE_LOOP_ANALYSIS = YES;
				CLANG_WARN_STRICT_PROTOTYPES = YES;
				CLANG_WARN_SUSPICIOUS_MOVE = YES;
				CLANG_WARN_UNGUARDED_AVAILABILITY = YES_AGGRESSIVE;
				CLANG_WARN_UNREACHABLE_CODE = YES;
				CLANG_WARN__DUPLICATE_METHOD_MATCH = YES;
				COPY_PHASE_STRIP = NO;
				CURRENT_PROJECT_VERSION = 1;
				DEBUG_INFORMATION_FORMAT = "dwarf-with-dsym";
				ENABLE_NS_ASSERTIONS = NO;
				ENABLE_STRICT_OBJC_MSGSEND = YES;
				GCC_C_LANGUAGE_STANDARD = gnu11;
				GCC_NO_COMMON_BLOCKS = YES;
				GCC_WARN_64_TO_32_BIT_CONVERSION = YES;
				GCC_WARN_ABOUT_RETURN_TYPE = YES_ERROR;
				GCC_WARN_UNDECLARED_SELECTOR = YES;
				GCC_WARN_UNINITIALIZED_AUTOS = YES_AGGRESSIVE;
				GCC_WARN_UNUSED_FUNCTION = YES;
				GCC_WARN_UNUSED_VARIABLE = YES;
				IPHONEOS_DEPLOYMENT_TARGET = 15.0;
				MTL_ENABLE_DEBUG_INFO = NO;
				MTL_FAST_MATH = YES;
				SDKROOT = iphoneos;
				SWIFT_COMPILATION_MODE = wholemodule;
				SWIFT_OPTIMIZATION_LEVEL = "-O";
				VALIDATE_PRODUCT = YES;
				VERSIONING_SYSTEM = "apple-generic";
				VERSION_INFO_PREFIX = "";
			};
			name = Release;
		};
		523DCD6729557A3D00D0BA72 /* Debug */ = {
			isa = XCBuildConfiguration;
			buildSettings = {
				CLANG_ENABLE_MODULES = YES;
				CODE_SIGN_STYLE = Automatic;
				CURRENT_PROJECT_VERSION = 1;
				DEFINES_MODULE = YES;
				DYLIB_COMPATIBILITY_VERSION = 1;
				DYLIB_CURRENT_VERSION = 1;
				DYLIB_INSTALL_NAME_BASE = "@rpath";
				GENERATE_INFOPLIST_FILE = YES;
				INFOPLIST_KEY_NSHumanReadableCopyright = "";
				INSTALL_PATH = "$(LOCAL_LIBRARY_DIR)/Frameworks";
				LD_RUNPATH_SEARCH_PATHS = (
					"$(inherited)",
					"@executable_path/Frameworks",
					"@loader_path/Frameworks",
				);
				MARKETING_VERSION = 1.0;
				PRODUCT_BUNDLE_IDENTIFIER = com.ragingo.ios.RagiSwiftUIComponents;
				PRODUCT_NAME = "$(TARGET_NAME:c99extidentifier)";
				SKIP_INSTALL = YES;
				SWIFT_EMIT_LOC_STRINGS = YES;
				SWIFT_OPTIMIZATION_LEVEL = "-Onone";
				SWIFT_VERSION = 5.0;
				TARGETED_DEVICE_FAMILY = "1,2";
			};
			name = Debug;
		};
		523DCD6829557A3D00D0BA72 /* Release */ = {
			isa = XCBuildConfiguration;
			buildSettings = {
				CLANG_ENABLE_MODULES = YES;
				CODE_SIGN_STYLE = Automatic;
				CURRENT_PROJECT_VERSION = 1;
				DEFINES_MODULE = YES;
				DYLIB_COMPATIBILITY_VERSION = 1;
				DYLIB_CURRENT_VERSION = 1;
				DYLIB_INSTALL_NAME_BASE = "@rpath";
				GENERATE_INFOPLIST_FILE = YES;
				INFOPLIST_KEY_NSHumanReadableCopyright = "";
				INSTALL_PATH = "$(LOCAL_LIBRARY_DIR)/Frameworks";
				LD_RUNPATH_SEARCH_PATHS = (
					"$(inherited)",
					"@executable_path/Frameworks",
					"@loader_path/Frameworks",
				);
				MARKETING_VERSION = 1.0;
				PRODUCT_BUNDLE_IDENTIFIER = com.ragingo.ios.RagiSwiftUIComponents;
				PRODUCT_NAME = "$(TARGET_NAME:c99extidentifier)";
				SKIP_INSTALL = YES;
				SWIFT_EMIT_LOC_STRINGS = YES;
				SWIFT_VERSION = 5.0;
				TARGETED_DEVICE_FAMILY = "1,2";
			};
			name = Release;
		};
		523DCD7B29557AB200D0BA72 /* Debug */ = {
			isa = XCBuildConfiguration;
			buildSettings = {
				ALWAYS_EMBED_SWIFT_STANDARD_LIBRARIES = YES;
				ASSETCATALOG_COMPILER_APPICON_NAME = AppIcon;
				ASSETCATALOG_COMPILER_GLOBAL_ACCENT_COLOR_NAME = AccentColor;
				CODE_SIGN_STYLE = Automatic;
				CURRENT_PROJECT_VERSION = 1;
				DEVELOPMENT_ASSET_PATHS = "\"RagiSwiftUIComponentsExampleApp/Preview Content\"";
				ENABLE_PREVIEWS = YES;
				GENERATE_INFOPLIST_FILE = YES;
				INFOPLIST_KEY_UIApplicationSceneManifest_Generation = YES;
				INFOPLIST_KEY_UIApplicationSupportsIndirectInputEvents = YES;
				INFOPLIST_KEY_UILaunchScreen_Generation = YES;
				INFOPLIST_KEY_UISupportedInterfaceOrientations_iPad = "UIInterfaceOrientationPortrait UIInterfaceOrientationPortraitUpsideDown UIInterfaceOrientationLandscapeLeft UIInterfaceOrientationLandscapeRight";
				INFOPLIST_KEY_UISupportedInterfaceOrientations_iPhone = "UIInterfaceOrientationPortrait UIInterfaceOrientationLandscapeLeft UIInterfaceOrientationLandscapeRight";
				LD_RUNPATH_SEARCH_PATHS = (
					"$(inherited)",
					"@executable_path/Frameworks",
				);
				MARKETING_VERSION = 1.0;
				PRODUCT_BUNDLE_IDENTIFIER = com.ragingo.ios.RagiSwiftUIComponentsExampleApp;
				PRODUCT_NAME = "$(TARGET_NAME)";
				SWIFT_EMIT_LOC_STRINGS = YES;
				SWIFT_VERSION = 5.0;
				TARGETED_DEVICE_FAMILY = "1,2";
			};
			name = Debug;
		};
		523DCD7C29557AB200D0BA72 /* Release */ = {
			isa = XCBuildConfiguration;
			buildSettings = {
				ALWAYS_EMBED_SWIFT_STANDARD_LIBRARIES = YES;
				ASSETCATALOG_COMPILER_APPICON_NAME = AppIcon;
				ASSETCATALOG_COMPILER_GLOBAL_ACCENT_COLOR_NAME = AccentColor;
				CODE_SIGN_STYLE = Automatic;
				CURRENT_PROJECT_VERSION = 1;
				DEVELOPMENT_ASSET_PATHS = "\"RagiSwiftUIComponentsExampleApp/Preview Content\"";
				ENABLE_PREVIEWS = YES;
				GENERATE_INFOPLIST_FILE = YES;
				INFOPLIST_KEY_UIApplicationSceneManifest_Generation = YES;
				INFOPLIST_KEY_UIApplicationSupportsIndirectInputEvents = YES;
				INFOPLIST_KEY_UILaunchScreen_Generation = YES;
				INFOPLIST_KEY_UISupportedInterfaceOrientations_iPad = "UIInterfaceOrientationPortrait UIInterfaceOrientationPortraitUpsideDown UIInterfaceOrientationLandscapeLeft UIInterfaceOrientationLandscapeRight";
				INFOPLIST_KEY_UISupportedInterfaceOrientations_iPhone = "UIInterfaceOrientationPortrait UIInterfaceOrientationLandscapeLeft UIInterfaceOrientationLandscapeRight";
				LD_RUNPATH_SEARCH_PATHS = (
					"$(inherited)",
					"@executable_path/Frameworks",
				);
				MARKETING_VERSION = 1.0;
				PRODUCT_BUNDLE_IDENTIFIER = com.ragingo.ios.RagiSwiftUIComponentsExampleApp;
				PRODUCT_NAME = "$(TARGET_NAME)";
				SWIFT_EMIT_LOC_STRINGS = YES;
				SWIFT_VERSION = 5.0;
				TARGETED_DEVICE_FAMILY = "1,2";
			};
			name = Release;
		};
/* End XCBuildConfiguration section */

/* Begin XCConfigurationList section */
		523DCD5929557A3D00D0BA72 /* Build configuration list for PBXProject "RagiSwiftUIComponents" */ = {
			isa = XCConfigurationList;
			buildConfigurations = (
				523DCD6429557A3D00D0BA72 /* Debug */,
				523DCD6529557A3D00D0BA72 /* Release */,
			);
			defaultConfigurationIsVisible = 0;
			defaultConfigurationName = Release;
		};
		523DCD6629557A3D00D0BA72 /* Build configuration list for PBXNativeTarget "RagiSwiftUIComponents" */ = {
			isa = XCConfigurationList;
			buildConfigurations = (
				523DCD6729557A3D00D0BA72 /* Debug */,
				523DCD6829557A3D00D0BA72 /* Release */,
			);
			defaultConfigurationIsVisible = 0;
			defaultConfigurationName = Release;
		};
		523DCD7A29557AB200D0BA72 /* Build configuration list for PBXNativeTarget "RagiSwiftUIComponentsExampleApp" */ = {
			isa = XCConfigurationList;
			buildConfigurations = (
				523DCD7B29557AB200D0BA72 /* Debug */,
				523DCD7C29557AB200D0BA72 /* Release */,
			);
			defaultConfigurationIsVisible = 0;
			defaultConfigurationName = Release;
		};
/* End XCConfigurationList section */
	};
	rootObject = 523DCD5629557A3D00D0BA72 /* Project object */;
}
